
Microsoft Visual Studio Solution File, Format Version 11.00
# Visual Studio 2010
Project("{8BC9CEB8-8B4A-11D0-8D11-00A0C91BC942}") = "spidevicesselect", "spidevicesselect.vcxproj", "{70E1EC60-F85A-483D-A8BD-A4CFC56FBBEB}"
EndProject
Global
	GlobalSection(SolutionConfigurationPlatforms) = preSolution
		Debug|Win32 = Debug|Win32
		Release|Win32 = Release|Win32
	EndGlobalSection
	GlobalSection(ProjectConfigurationPlatforms) = postSolution
		{70E1EC60-F85A-483D-A8BD-A4CFC56FBBEB}.Debug|Win32.ActiveCfg = Debug|Win32
		{70E1EC60-F85A-483D-A8BD-A4CFC56FBBEB}.Debug|Win32.Build.0 = Debug|Win32
		{70E1EC60-F85A-483D-A8BD-A4CFC56FBBEB}.Release|Win32.ActiveCfg = Release|Win32
		{70E1EC60-F85A-483D-A8BD-A4CFC56FBBEB}.Release|Win32.Build.0 = Release|Win32
	EndGlobalSection
	GlobalSection(SolutionProperties) = preSolution
		HideSolutionNode = FALSE
	EndGlobalSection
EndGlobal
